// !$*UTF8*$!
{
	archiveVersion = 1;
	classes = {
	};
	objectVersion = 46;
	objects = {

/* Begin PBXBuildFile section */
		1E9E1E681F6F6C1E00CE0044 /* AppDelegate.swift in Sources */ = {isa = PBXBuildFile; fileRef = 1E9E1E671F6F6C1E00CE0044 /* AppDelegate.swift */; };
		1E9E1E6A1F6F6C1E00CE0044 /* ViewController.swift in Sources */ = {isa = PBXBuildFile; fileRef = 1E9E1E691F6F6C1E00CE0044 /* ViewController.swift */; };
		1E9E1E6D1F6F6C1E00CE0044 /* Main.storyboard in Resources */ = {isa = PBXBuildFile; fileRef = 1E9E1E6B1F6F6C1E00CE0044 /* Main.storyboard */; };
		1E9E1E6F1F6F6C1E00CE0044 /* Assets.xcassets in Resources */ = {isa = PBXBuildFile; fileRef = 1E9E1E6E1F6F6C1E00CE0044 /* Assets.xcassets */; };
		1E9E1E721F6F6C1E00CE0044 /* LaunchScreen.storyboard in Resources */ = {isa = PBXBuildFile; fileRef = 1E9E1E701F6F6C1E00CE0044 /* LaunchScreen.storyboard */; };
/* End PBXBuildFile section */

/* Begin PBXFileReference section */
		1E9E1E641F6F6C1E00CE0044 /* Pink Panther.app */ = {isa = PBXFileReference; explicitFileType = wrapper.application; includeInIndex = 0; path = "Pink Panther.app"; sourceTree = BUILT_PRODUCTS_DIR; };
		1E9E1E671F6F6C1E00CE0044 /* AppDelegate.swift */ = {isa = PBXFileReference; lastKnownFileType = sourcecode.swift; path = AppDelegate.swift; sourceTree = "<group>"; };
		1E9E1E691F6F6C1E00CE0044 /* ViewController.swift */ = {isa = PBXFileReference; lastKnownFileType = sourcecode.swift; path = ViewController.swift; sourceTree = "<group>"; };
		1E9E1E6C1F6F6C1E00CE0044 /* Base */ = {isa = PBXFileReference; lastKnownFileType = file.storyboard; name = Base; path = Base.lproj/Main.storyboard; sourceTree = "<group>"; };
		1E9E1E6E1F6F6C1E00CE0044 /* Assets.xcassets */ = {isa = PBXFileReference; lastKnownFileType = folder.assetcatalog; path = Assets.xcassets; sourceTree = "<group>"; };
		1E9E1E711F6F6C1E00CE0044 /* Base */ = {isa = PBXFileReference; lastKnownFileType = file.storyboard; name = Base; path = Base.lproj/LaunchScreen.storyboard; sourceTree = "<group>"; };
		1E9E1E731F6F6C1E00CE0044 /* Info.plist */ = {isa = PBXFileReference; lastKnownFileType = text.plist.xml; path = Info.plist; sourceTree = "<group>"; };
/* End PBXFileReference section */

/* Begin PBXFrameworksBuildPhase section */
		1E9E1E611F6F6C1E00CE0044 /* Frameworks */ = {
			isa = PBXFrameworksBuildPhase;
			buildActionMask = 2147483647;
			files = (
			);
			runOnlyForDeploymentPostprocessing = 0;
		};
/* End PBXFrameworksBuildPhase section */

/* Begin PBXGroup section */
		1E9E1E5B1F6F6C1E00CE0044 = {
			isa = PBXGroup;
			children = (
				1E9E1E661F6F6C1E00CE0044 /* Pink Panther */,
				1E9E1E651F6F6C1E00CE0044 /* Products */,
			);
			sourceTree = "<group>";
		};
		1E9E1E651F6F6C1E00CE0044 /* Products */ = {
			isa = PBXGroup;
			children = (
				1E9E1E641F6F6C1E00CE0044 /* Pink Panther.app */,
			);
			name = Products;
			sourceTree = "<group>";
		};
		1E9E1E661F6F6C1E00CE0044 /* Pink Panther */ = {
			isa = PBXGroup;
			children = (
				1E9E1E671F6F6C1E00CE0044 /* AppDelegate.swift */,
				1E9E1E691F6F6C1E00CE0044 /* ViewController.swift */,
				1E9E1E6B1F6F6C1E00CE0044 /* Main.storyboard */,
				1E9E1E6E1F6F6C1E00CE0044 /* Assets.xcassets */,
				1E9E1E701F6F6C1E00CE0044 /* LaunchScreen.storyboard */,
				1E9E1E731F6F6C1E00CE0044 /* Info.plist */,
			);
			path = "Pink Panther";
			sourceTree = "<group>";
		};
/* End PBXGroup section */

/* Begin PBXNativeTarget section */
		1E9E1E631F6F6C1E00CE0044 /* Pink Panther */ = {
			isa = PBXNativeTarget;
			buildConfigurationList = 1E9E1E761F6F6C1E00CE0044 /* Build configuration list for PBXNativeTarget "Pink Panther" */;
			buildPhases = (
				1E9E1E601F6F6C1E00CE0044 /* Sources */,
				1E9E1E611F6F6C1E00CE0044 /* Frameworks */,
				1E9E1E621F6F6C1E00CE0044 /* Resources */,
			);
			buildRules = (
			);
			dependencies = (
			);
			name = "Pink Panther";
			productName = "Pink Panther";
			productReference = 1E9E1E641F6F6C1E00CE0044 /* Pink Panther.app */;
			productType = "com.apple.product-type.application";
		};
/* End PBXNativeTarget section */

/* Begin PBXProject section */
		1E9E1E5C1F6F6C1E00CE0044 /* Project object */ = {
			isa = PBXProject;
			attributes = {
				LastSwiftUpdateCheck = 0830;
				LastUpgradeCheck = 0830;
				ORGANIZATIONNAME = "Mahmoud Aljarrash";
				TargetAttributes = {
					1E9E1E631F6F6C1E00CE0044 = {
						CreatedOnToolsVersion = 8.3.3;
						DevelopmentTeam = YDAN8758S3;
						ProvisioningStyle = Automatic;
					};
				};
			};
			buildConfigurationList = 1E9E1E5F1F6F6C1E00CE0044 /* Build configuration list for PBXProject "Pink Panther" */;
			compatibilityVersion = "Xcode 3.2";
			developmentRegion = English;
			hasScannedForEncodings = 0;
			knownRegions = (
				en,
				Base,
			);
			mainGroup = 1E9E1E5B1F6F6C1E00CE0044;
			productRefGroup = 1E9E1E651F6F6C1E00CE0044 /* Products */;
			projectDirPath = "";
			projectRoot = "";
			targets = (
				1E9E1E631F6F6C1E00CE0044 /* Pink Panther */,
			);
		};
/* End PBXProject section */

/* Begin PBXResourcesBuildPhase section */
		1E9E1E621F6F6C1E00CE0044 /* Resources */ = {
			isa = PBXResourcesBuildPhase;
			buildActionMask = 2147483647;
			files = (
				1E9E1E721F6F6C1E00CE0044 /* LaunchScreen.storyboard in Resources */,
				1E9E1E6F1F6F6C1E00CE0044 /* Assets.xcassets in Resources */,
				1E9E1E6D1F6F6C1E00CE0044 /* Main.storyboard in Resources */,
			);
			runOnlyForDeploymentPostprocessing = 0;
		};
/* End PBXResourcesBuildPhase section */

/* Begin PBXSourcesBuildPhase section */
		1E9E1E601F6F6C1E00CE0044 /* Sources */ = {
			isa = PBXSourcesBuildPhase;
			buildActionMask = 2147483647;
			files = (
				1E9E1E6A1F6F6C1E00CE0044 /* ViewController.swift in Sources */,
				1E9E1E681F6F6C1E00CE0044 /* AppDelegate.swift in Sources */,
			);
			runOnlyForDeploymentPostprocessing = 0;
		};
/* End PBXSourcesBuildPhase section */

/* Begin PBXVariantGroup section */
		1E9E1E6B1F6F6C1E00CE0044 /* Main.storyboard */ = {
			isa = PBXVariantGroup;
			children = (
				1E9E1E6C1F6F6C1E00CE0044 /* Base */,
			);
			name = Main.storyboard;
			sourceTree = "<group>";
		};
		1E9E1E701F6F6C1E00CE0044 /* LaunchScreen.storyboard */ = {
			isa = PBXVariantGroup;
			children = (
				1E9E1E711F6F6C1E00CE0044 /* Base */,
			);
			name = LaunchScreen.storyboard;
			sourceTree = "<group>";
		};
/* End PBXVariantGroup section */

/* Begin XCBuildConfiguration section */
		1E9E1E741F6F6C1E00CE0044 /* Debug */ = {
			isa = XCBuildConfiguration;
			buildSettings = {
				ALWAYS_SEARCH_USER_PATHS = NO;
				CLANG_ANALYZER_NONNULL = YES;
				CLANG_ANALYZER_NUMBER_OBJECT_CONVERSION = YES_AGGRESSIVE;
				CLANG_CXX_LANGUAGE_STANDARD = "gnu++0x";
				CLANG_CXX_LIBRARY = "libc++";
				CLANG_ENABLE_MODULES = YES;
				CLANG_ENABLE_OBJC_ARC = YES;
				CLANG_WARN_BOOL_CONVERSION = YES;
				CLANG_WARN_CONSTANT_CONVERSION = YES;
				CLANG_WARN_DIRECT_OBJC_ISA_USAGE = YES_ERROR;
				CLANG_WARN_DOCUMENTATION_COMMENTS = YES;
				CLANG_WARN_EMPTY_BODY = YES;
				CLANG_WARN_ENUM_CONVERSION = YES;
				CLANG_WARN_INFINITE_RECURSION = YES;
				CLANG_WARN_INT_CONVERSION = YES;
				CLANG_WARN_OBJC_ROOT_CLASS = YES_ERROR;
				CLANG_WARN_SUSPICIOUS_MOVE = YES;
				CLANG_WARN_UNREACHABLE_CODE = YES;
				CLANG_WARN__DUPLICATE_METHOD_MATCH = YES;
				"CODE_SIGN_IDENTITY[sdk=iphoneos*]" = "iPhone Developer";
				COPY_PHASE_STRIP = NO;
				DEBUG_INFORMATION_FORMAT = dwarf;
				ENABLE_STRICT_OBJC_MSGSEND = YES;
				ENABLE_TESTABILITY = YES;
				GCC_C_LANGUAGE_STANDARD = gnu99;
				GCC_DYNAMIC_NO_PIC = NO;
				GCC_NO_COMMON_BLOCKS = YES;
				GCC_OPTIMIZATION_LEVEL = 0;
				GCC_PREPROCESSOR_DEFINITIONS = (
					"DEBUG=1",
					"$(inherited)",
				);
				GCC_WARN_64_TO_32_BIT_CONVERSION = YES;
				GCC_WARN_ABOUT_RETURN_TYPE = YES_ERROR;
				GCC_WARN_UNDECLARED_SELECTOR = YES;
				GCC_WARN_UNINITIALIZED_AUTOS = YES_AGGRESSIVE;
				GCC_WARN_UNUSED_FUNCTION = YES;
				GCC_WARN_UNUSED_VARIABLE = YES;
				IPHONEOS_DEPLOYMENT_TARGET = 10.3;
				MTL_ENABLE_DEBUG_INFO = YES;
				ONLY_ACTIVE_ARCH = YES;
				SDKROOT = iphoneos;
				SWIFT_ACTIVE_COMPILATION_CONDITIONS = DEBUG;
				SWIFT_OPTIMIZATION_LEVEL = "-Onone";
				TARGETED_DEVICE_FAMILY = "1,2";
			};
			name = Debug;
		};
		1E9E1E751F6F6C1E00CE0044 /* Release */ = {
			isa = XCBuildConfiguration;
			buildSettings = {
				ALWAYS_SEARCH_USER_PATHS = NO;
				CLANG_ANALYZER_NONNULL = YES;
				CLANG_ANALYZER_NUMBER_OBJECT_CONVERSION = YES_AGGRESSIVE;
				CLANG_CXX_LANGUAGE_STANDARD = "gnu++0x";
				CLANG_CXX_LIBRARY = "libc++";
				CLANG_ENABLE_MODULES = YES;
				CLANG_ENABLE_OBJC_ARC = YES;
				CLANG_WARN_BOOL_CONVERSION = YES;
				CLANG_WARN_CONSTANT_CONVERSION = YES;
				CLANG_WARN_DIRECT_OBJC_ISA_USAGE = YES_ERROR;
				CLANG_WARN_DOCUMENTATION_COMMENTS = YES;
				CLANG_WARN_EMPTY_BODY = YES;
				CLANG_WARN_ENUM_CONVERSION = YES;
				CLANG_WARN_INFINITE_RECURSION = YES;
				CLANG_WARN_INT_CONVERSION = YES;
				CLANG_WARN_OBJC_ROOT_CLASS = YES_ERROR;
				CLANG_WARN_SUSPICIOUS_MOVE = YES;
				CLANG_WARN_UNREACHABLE_CODE = YES;
				CLANG_WARN__DUPLICATE_METHOD_MATCH = YES;
				"CODE_SIGN_IDENTITY[sdk=iphoneos*]" = "iPhone Developer";
				COPY_PHASE_STRIP = NO;
				DEBUG_INFORMATION_FORMAT = "dwarf-with-dsym";
				ENABLE_NS_ASSERTIONS = NO;
				ENABLE_STRICT_OBJC_MSGSEND = YES;
				GCC_C_LANGUAGE_STANDARD = gnu99;
				GCC_NO_COMMON_BLOCKS = YES;
				GCC_WARN_64_TO_32_BIT_CONVERSION = YES;
				GCC_WARN_ABOUT_RETURN_TYPE = YES_ERROR;
				GCC_WARN_UNDECLARED_SELECTOR = YES;
				GCC_WARN_UNINITIALIZED_AUTOS = YES_AGGRESSIVE;
				GCC_WARN_UNUSED_FUNCTION = YES;
				GCC_WARN_UNUSED_VARIABLE = YES;
				IPHONEOS_DEPLOYMENT_TARGET = 10.3;
				MTL_ENABLE_DEBUG_INFO = NO;
				SDKROOT = iphoneos;
				SWIFT_OPTIMIZATION_LEVEL = "-Owholemodule";
				TARGETED_DEVICE_FAMILY = "1,2";
				VALIDATE_PRODUCT = YES;
			};
			name = Release;
		};
		1E9E1E771F6F6C1E00CE0044 /* Debug */ = {
			isa = XCBuildConfiguration;
			buildSettings = {
				ASSETCATALOG_COMPILER_APPICON_NAME = AppIcon;
				DEVELOPMENT_TEAM = YDAN8758S3;
				INFOPLIST_FILE = "Pink Panther/Info.plist";
				LD_RUNPATH_SEARCH_PATHS = "$(inherited) @executable_path/Frameworks";
				PRODUCT_BUNDLE_IDENTIFIER = "com.jarrash.Pink-Panther";
				PRODUCT_NAME = "$(TARGET_NAME)";
				SWIFT_VERSION = 3.0;
			};
			name = Debug;
		};
		1E9E1E781F6F6C1E00CE0044 /* Release */ = {
			isa = XCBuildConfiguration;
			buildSettings = {
				ASSETCATALOG_COMPILER_APPICON_NAME = AppIcon;
				DEVELOPMENT_TEAM = YDAN8758S3;
				INFOPLIST_FILE = "Pink Panther/Info.plist";
				LD_RUNPATH_SEARCH_PATHS = "$(inherited) @executable_path/Frameworks";
				PRODUCT_BUNDLE_IDENTIFIER = "com.jarrash.Pink-Panther";
				PRODUCT_NAME = "$(TARGET_NAME)";
				SWIFT_VERSION = 3.0;
			};
			name = Release;
		};
/* End XCBuildConfiguration section */

/* Begin XCConfigurationList section */
		1E9E1E5F1F6F6C1E00CE0044 /* Build configuration list for PBXProject "Pink Panther" */ = {
			isa = XCConfigurationList;
			buildConfigurations = (
				1E9E1E741F6F6C1E00CE0044 /* Debug */,
				1E9E1E751F6F6C1E00CE0044 /* Release */,
			);
			defaultConfigurationIsVisible = 0;
			defaultConfigurationName = Release;
		};
		1E9E1E761F6F6C1E00CE0044 /* Build configuration list for PBXNativeTarget "Pink Panther" */ = {
			isa = XCConfigurationList;
			buildConfigurations = (
				1E9E1E771F6F6C1E00CE0044 /* Debug */,
				1E9E1E781F6F6C1E00CE0044 /* Release */,
			);
			defaultConfigurationIsVisible = 0;
			defaultConfigurationName = Release;
		};
/* End XCConfigurationList section */
	};
	rootObject = 1E9E1E5C1F6F6C1E00CE0044 /* Project object */;
}
